
Microsoft Visual Studio Solution File, Format Version 12.00
# Visual Studio 15
VisualStudioVersion = 15.0.28307.438
MinimumVisualStudioVersion = 10.0.40219.1
Project("{FAE04EC0-301F-11D3-BF4B-00C04F79EFBC}") = "SherryMusic", "CSkinDemo\SherryMusic.csproj", "{37724253-1A02-4D40-A4A5-176891C4E575}"
EndProject
Global
	GlobalSection(SolutionConfigurationPlatforms) = preSolution
		Debug|Any CPU = Debug|Any CPU
		Release|Any CPU = Release|Any CPU
	EndGlobalSection
	GlobalSection(ProjectConfigurationPlatforms) = postSolution
		{37724253-1A02-4D40-A4A5-176891C4E575}.Debug|Any CPU.ActiveCfg = Debug|Any CPU
		{37724253-1A02-4D40-A4A5-176891C4E575}.Debug|Any CPU.Build.0 = Debug|Any CPU
		{37724253-1A02-4D40-A4A5-176891C4E575}.Release|Any CPU.ActiveCfg = Release|Any CPU
		{37724253-1A02-4D40-A4A5-176891C4E575}.Release|Any CPU.Build.0 = Release|Any CPU
	EndGlobalSection
	GlobalSection(SolutionProperties) = preSolution
		HideSolutionNode = FALSE
	EndGlobalSection
	GlobalSection(ExtensibilityGlobals) = postSolution
		SolutionGuid = {C114646C-36D5-499A-95E7-AA699E0A9B06}
	EndGlobalSection
EndGlobal
